
Microsoft Visual Studio Solution File, Format Version 10.00
# Visual Studio 2008
Project("{2150E333-8FDC-42A3-9474-1A3956D46DE8}") = "sfml", "sfml", "{89F9FFC2-FE4D-4478-850F-0A0B1C593EA6}"
EndProject
Project("{2150E333-8FDC-42A3-9474-1A3956D46DE8}") = "games", "games", "{CD28DEA7-FB1D-4F80-AAC8-808FF70BA28C}"
EndProject
Project("{2150E333-8FDC-42A3-9474-1A3956D46DE8}") = "docs", "docs", "{783E194B-E24C-461A-850E-1CE75F0790C4}"
	ProjectSection(SolutionItems) = preProject
		.gitignore = .gitignore
		docs\devlog.txt = docs\devlog.txt
		LICENSE = LICENSE
		docs\notes.txt = docs\notes.txt
		README.md = README.md
		docs\todos.txt = docs\todos.txt
	EndProjectSection
EndProject
Project("{2150E333-8FDC-42A3-9474-1A3956D46DE8}") = "3rds", "3rds", "{778AC196-A669-40A8-83B5-C15FDEBC005B}"
EndProject
Project("{8BC9CEB8-8B4A-11D0-8D11-00A0C91BC942}") = "sfml-audio", "SFML-1.6\build\vc2005\sfml-audio.vcproj", "{B1BDA469-E6A7-4AF7-BDF9-EDDD7AD979A2}"
	ProjectSection(ProjectDependencies) = postProject
		{C061A27D-7CA0-4179-9869-672FA04A86A8} = {C061A27D-7CA0-4179-9869-672FA04A86A8}
	EndProjectSection
EndProject
Project("{8BC9CEB8-8B4A-11D0-8D11-00A0C91BC942}") = "sfml-graphics", "SFML-1.6\build\vc2005\sfml-graphics.vcproj", "{FA4620B1-393A-4719-9BB4-3BC8CAA70C4B}"
	ProjectSection(ProjectDependencies) = postProject
		{C061A27D-7CA0-4179-9869-672FA04A86A8} = {C061A27D-7CA0-4179-9869-672FA04A86A8}
		{0F9CE5F0-4D89-4314-9147-8AAB1B8842ED} = {0F9CE5F0-4D89-4314-9147-8AAB1B8842ED}
	EndProjectSection
EndProject
Project("{8BC9CEB8-8B4A-11D0-8D11-00A0C91BC942}") = "sfml-main", "SFML-1.6\build\vc2005\sfml-main.vcproj", "{2BD26A09-E1B6-42E2-A0D0-63987B76BB97}"
EndProject
Project("{8BC9CEB8-8B4A-11D0-8D11-00A0C91BC942}") = "sfml-network", "SFML-1.6\build\vc2005\sfml-network.vcproj", "{823DDC98-42D5-4A38-88CF-9DC06C788AE4}"
EndProject
Project("{8BC9CEB8-8B4A-11D0-8D11-00A0C91BC942}") = "sfml-system", "SFML-1.6\build\vc2005\sfml-system.vcproj", "{C061A27D-7CA0-4179-9869-672FA04A86A8}"
EndProject
Project("{8BC9CEB8-8B4A-11D0-8D11-00A0C91BC942}") = "sfml-window", "SFML-1.6\build\vc2005\sfml-window.vcproj", "{0F9CE5F0-4D89-4314-9147-8AAB1B8842ED}"
	ProjectSection(ProjectDependencies) = postProject
		{C061A27D-7CA0-4179-9869-672FA04A86A8} = {C061A27D-7CA0-4179-9869-672FA04A86A8}
	EndProjectSection
EndProject
Project("{8BC9CEB8-8B4A-11D0-8D11-00A0C91BC942}") = "man20s", "man20s\man20s.vcproj", "{97EE61B8-032F-4257-AED1-4AD4E196FF3F}"
	ProjectSection(ProjectDependencies) = postProject
		{2BD26A09-E1B6-42E2-A0D0-63987B76BB97} = {2BD26A09-E1B6-42E2-A0D0-63987B76BB97}
		{1141F40B-9CB6-4E64-8D65-8ADE4BEE1707} = {1141F40B-9CB6-4E64-8D65-8ADE4BEE1707}
		{B1BDA469-E6A7-4AF7-BDF9-EDDD7AD979A2} = {B1BDA469-E6A7-4AF7-BDF9-EDDD7AD979A2}
		{C061A27D-7CA0-4179-9869-672FA04A86A8} = {C061A27D-7CA0-4179-9869-672FA04A86A8}
		{823DDC98-42D5-4A38-88CF-9DC06C788AE4} = {823DDC98-42D5-4A38-88CF-9DC06C788AE4}
		{3372F8A2-889A-4DB3-B788-06DC30261677} = {3372F8A2-889A-4DB3-B788-06DC30261677}
		{FA4620B1-393A-4719-9BB4-3BC8CAA70C4B} = {FA4620B1-393A-4719-9BB4-3BC8CAA70C4B}
		{0F9CE5F0-4D89-4314-9147-8AAB1B8842ED} = {0F9CE5F0-4D89-4314-9147-8AAB1B8842ED}
		{8008D2F9-6F0F-4B8C-B94C-D6A7E85023CB} = {8008D2F9-6F0F-4B8C-B94C-D6A7E85023CB}
	EndProjectSection
EndProject
Project("{8BC9CEB8-8B4A-11D0-8D11-00A0C91BC942}") = "engine", "engine\engine.vcproj", "{1141F40B-9CB6-4E64-8D65-8ADE4BEE1707}"
	ProjectSection(ProjectDependencies) = postProject
		{2BD26A09-E1B6-42E2-A0D0-63987B76BB97} = {2BD26A09-E1B6-42E2-A0D0-63987B76BB97}
		{B1BDA469-E6A7-4AF7-BDF9-EDDD7AD979A2} = {B1BDA469-E6A7-4AF7-BDF9-EDDD7AD979A2}
		{C061A27D-7CA0-4179-9869-672FA04A86A8} = {C061A27D-7CA0-4179-9869-672FA04A86A8}
		{823DDC98-42D5-4A38-88CF-9DC06C788AE4} = {823DDC98-42D5-4A38-88CF-9DC06C788AE4}
		{3372F8A2-889A-4DB3-B788-06DC30261677} = {3372F8A2-889A-4DB3-B788-06DC30261677}
		{FA4620B1-393A-4719-9BB4-3BC8CAA70C4B} = {FA4620B1-393A-4719-9BB4-3BC8CAA70C4B}
		{0F9CE5F0-4D89-4314-9147-8AAB1B8842ED} = {0F9CE5F0-4D89-4314-9147-8AAB1B8842ED}
		{8008D2F9-6F0F-4B8C-B94C-D6A7E85023CB} = {8008D2F9-6F0F-4B8C-B94C-D6A7E85023CB}
	EndProjectSection
EndProject
Project("{8BC9CEB8-8B4A-11D0-8D11-00A0C91BC942}") = "util", "util\util.vcproj", "{3372F8A2-889A-4DB3-B788-06DC30261677}"
	ProjectSection(ProjectDependencies) = postProject
		{8008D2F9-6F0F-4B8C-B94C-D6A7E85023CB} = {8008D2F9-6F0F-4B8C-B94C-D6A7E85023CB}
	EndProjectSection
EndProject
Project("{8BC9CEB8-8B4A-11D0-8D11-00A0C91BC942}") = "paul", "paul\paul.vcproj", "{9474D692-D015-4459-B135-A58C26608CEE}"
	ProjectSection(ProjectDependencies) = postProject
		{2BD26A09-E1B6-42E2-A0D0-63987B76BB97} = {2BD26A09-E1B6-42E2-A0D0-63987B76BB97}
		{1141F40B-9CB6-4E64-8D65-8ADE4BEE1707} = {1141F40B-9CB6-4E64-8D65-8ADE4BEE1707}
		{B1BDA469-E6A7-4AF7-BDF9-EDDD7AD979A2} = {B1BDA469-E6A7-4AF7-BDF9-EDDD7AD979A2}
		{C061A27D-7CA0-4179-9869-672FA04A86A8} = {C061A27D-7CA0-4179-9869-672FA04A86A8}
		{823DDC98-42D5-4A38-88CF-9DC06C788AE4} = {823DDC98-42D5-4A38-88CF-9DC06C788AE4}
		{3372F8A2-889A-4DB3-B788-06DC30261677} = {3372F8A2-889A-4DB3-B788-06DC30261677}
		{FA4620B1-393A-4719-9BB4-3BC8CAA70C4B} = {FA4620B1-393A-4719-9BB4-3BC8CAA70C4B}
		{0F9CE5F0-4D89-4314-9147-8AAB1B8842ED} = {0F9CE5F0-4D89-4314-9147-8AAB1B8842ED}
		{8008D2F9-6F0F-4B8C-B94C-D6A7E85023CB} = {8008D2F9-6F0F-4B8C-B94C-D6A7E85023CB}
	EndProjectSection
EndProject
Project("{8BC9CEB8-8B4A-11D0-8D11-00A0C91BC942}") = "lua", "lua\lua.vcproj", "{8008D2F9-6F0F-4B8C-B94C-D6A7E85023CB}"
EndProject
Project("{8BC9CEB8-8B4A-11D0-8D11-00A0C91BC942}") = "paul_scripts", "debug\res_paul\scripts\paul_scripts.vcproj", "{AEDA36F5-40C2-41CD-A0A8-DBB482369163}"
EndProject
Project("{2150E333-8FDC-42A3-9474-1A3956D46DE8}") = "base", "base", "{41AE60C5-D176-4BBC-8AF3-C65B3EAB2638}"
EndProject
Project("{8BC9CEB8-8B4A-11D0-8D11-00A0C91BC942}") = "lua_util", "debug\lua\util\lua_util.vcproj", "{C2604858-D5A9-486C-818D-F711FEC7634A}"
EndProject
Project("{8BC9CEB8-8B4A-11D0-8D11-00A0C91BC942}") = "util_test", "util_test\util_test.vcproj", "{95E42732-78FC-4B42-8787-5A4A4557E999}"
EndProject
Project("{8BC9CEB8-8B4A-11D0-8D11-00A0C91BC942}") = "man20s_scripts", "debug\res_man20s\scripts\man20s_scripts.vcproj", "{1C968E66-075B-4778-9562-E30FB85A8E53}"
EndProject
Project("{8BC9CEB8-8B4A-11D0-8D11-00A0C91BC942}") = "temp", "temp\temp.vcproj", "{32FCBEBF-543B-4934-A174-6ADF3E455A5B}"
EndProject
Global
	GlobalSection(SolutionConfigurationPlatforms) = preSolution
		Debug static|Win32 = Debug static|Win32
		Debug|Win32 = Debug|Win32
		Release DLL|Win32 = Release DLL|Win32
		Release static|Win32 = Release static|Win32
		Release|Win32 = Release|Win32
	EndGlobalSection
	GlobalSection(ProjectConfigurationPlatforms) = postSolution
		{B1BDA469-E6A7-4AF7-BDF9-EDDD7AD979A2}.Debug static|Win32.ActiveCfg = Debug static|Win32
		{B1BDA469-E6A7-4AF7-BDF9-EDDD7AD979A2}.Debug static|Win32.Build.0 = Debug static|Win32
		{B1BDA469-E6A7-4AF7-BDF9-EDDD7AD979A2}.Debug|Win32.ActiveCfg = Debug|Win32
		{B1BDA469-E6A7-4AF7-BDF9-EDDD7AD979A2}.Release DLL|Win32.ActiveCfg = Release DLL|Win32
		{B1BDA469-E6A7-4AF7-BDF9-EDDD7AD979A2}.Release DLL|Win32.Build.0 = Release DLL|Win32
		{B1BDA469-E6A7-4AF7-BDF9-EDDD7AD979A2}.Release static|Win32.ActiveCfg = Release static|Win32
		{B1BDA469-E6A7-4AF7-BDF9-EDDD7AD979A2}.Release static|Win32.Build.0 = Release static|Win32
		{B1BDA469-E6A7-4AF7-BDF9-EDDD7AD979A2}.Release|Win32.ActiveCfg = Release static|Win32
		{B1BDA469-E6A7-4AF7-BDF9-EDDD7AD979A2}.Release|Win32.Build.0 = Release static|Win32
		{FA4620B1-393A-4719-9BB4-3BC8CAA70C4B}.Debug static|Win32.ActiveCfg = Debug static|Win32
		{FA4620B1-393A-4719-9BB4-3BC8CAA70C4B}.Debug static|Win32.Build.0 = Debug static|Win32
		{FA4620B1-393A-4719-9BB4-3BC8CAA70C4B}.Debug|Win32.ActiveCfg = Debug|Win32
		{FA4620B1-393A-4719-9BB4-3BC8CAA70C4B}.Release DLL|Win32.ActiveCfg = Release DLL|Win32
		{FA4620B1-393A-4719-9BB4-3BC8CAA70C4B}.Release DLL|Win32.Build.0 = Release DLL|Win32
		{FA4620B1-393A-4719-9BB4-3BC8CAA70C4B}.Release static|Win32.ActiveCfg = Release static|Win32
		{FA4620B1-393A-4719-9BB4-3BC8CAA70C4B}.Release static|Win32.Build.0 = Release static|Win32
		{FA4620B1-393A-4719-9BB4-3BC8CAA70C4B}.Release|Win32.ActiveCfg = Release static|Win32
		{FA4620B1-393A-4719-9BB4-3BC8CAA70C4B}.Release|Win32.Build.0 = Release static|Win32
		{2BD26A09-E1B6-42E2-A0D0-63987B76BB97}.Debug static|Win32.ActiveCfg = Debug|Win32
		{2BD26A09-E1B6-42E2-A0D0-63987B76BB97}.Debug static|Win32.Build.0 = Debug|Win32
		{2BD26A09-E1B6-42E2-A0D0-63987B76BB97}.Debug|Win32.ActiveCfg = Debug|Win32
		{2BD26A09-E1B6-42E2-A0D0-63987B76BB97}.Release DLL|Win32.ActiveCfg = Release|Win32
		{2BD26A09-E1B6-42E2-A0D0-63987B76BB97}.Release DLL|Win32.Build.0 = Release|Win32
		{2BD26A09-E1B6-42E2-A0D0-63987B76BB97}.Release static|Win32.ActiveCfg = Release|Win32
		{2BD26A09-E1B6-42E2-A0D0-63987B76BB97}.Release static|Win32.Build.0 = Release|Win32
		{2BD26A09-E1B6-42E2-A0D0-63987B76BB97}.Release|Win32.ActiveCfg = Release|Win32
		{2BD26A09-E1B6-42E2-A0D0-63987B76BB97}.Release|Win32.Build.0 = Release|Win32
		{823DDC98-42D5-4A38-88CF-9DC06C788AE4}.Debug static|Win32.ActiveCfg = Debug static|Win32
		{823DDC98-42D5-4A38-88CF-9DC06C788AE4}.Debug static|Win32.Build.0 = Debug static|Win32
		{823DDC98-42D5-4A38-88CF-9DC06C788AE4}.Debug|Win32.ActiveCfg = Debug|Win32
		{823DDC98-42D5-4A38-88CF-9DC06C788AE4}.Release DLL|Win32.ActiveCfg = Release DLL|Win32
		{823DDC98-42D5-4A38-88CF-9DC06C788AE4}.Release DLL|Win32.Build.0 = Release DLL|Win32
		{823DDC98-42D5-4A38-88CF-9DC06C788AE4}.Release static|Win32.ActiveCfg = Release static|Win32
		{823DDC98-42D5-4A38-88CF-9DC06C788AE4}.Release static|Win32.Build.0 = Release static|Win32
		{823DDC98-42D5-4A38-88CF-9DC06C788AE4}.Release|Win32.ActiveCfg = Release static|Win32
		{823DDC98-42D5-4A38-88CF-9DC06C788AE4}.Release|Win32.Build.0 = Release static|Win32
		{C061A27D-7CA0-4179-9869-672FA04A86A8}.Debug static|Win32.ActiveCfg = Debug static|Win32
		{C061A27D-7CA0-4179-9869-672FA04A86A8}.Debug static|Win32.Build.0 = Debug static|Win32
		{C061A27D-7CA0-4179-9869-672FA04A86A8}.Debug|Win32.ActiveCfg = Debug|Win32
		{C061A27D-7CA0-4179-9869-672FA04A86A8}.Release DLL|Win32.ActiveCfg = Release DLL|Win32
		{C061A27D-7CA0-4179-9869-672FA04A86A8}.Release DLL|Win32.Build.0 = Release DLL|Win32
		{C061A27D-7CA0-4179-9869-672FA04A86A8}.Release static|Win32.ActiveCfg = Release static|Win32
		{C061A27D-7CA0-4179-9869-672FA04A86A8}.Release static|Win32.Build.0 = Release static|Win32
		{C061A27D-7CA0-4179-9869-672FA04A86A8}.Release|Win32.ActiveCfg = Release static|Win32
		{C061A27D-7CA0-4179-9869-672FA04A86A8}.Release|Win32.Build.0 = Release static|Win32
		{0F9CE5F0-4D89-4314-9147-8AAB1B8842ED}.Debug static|Win32.ActiveCfg = Debug static|Win32
		{0F9CE5F0-4D89-4314-9147-8AAB1B8842ED}.Debug static|Win32.Build.0 = Debug static|Win32
		{0F9CE5F0-4D89-4314-9147-8AAB1B8842ED}.Debug|Win32.ActiveCfg = Debug|Win32
		{0F9CE5F0-4D89-4314-9147-8AAB1B8842ED}.Release DLL|Win32.ActiveCfg = Release DLL|Win32
		{0F9CE5F0-4D89-4314-9147-8AAB1B8842ED}.Release DLL|Win32.Build.0 = Release DLL|Win32
		{0F9CE5F0-4D89-4314-9147-8AAB1B8842ED}.Release static|Win32.ActiveCfg = Release static|Win32
		{0F9CE5F0-4D89-4314-9147-8AAB1B8842ED}.Release static|Win32.Build.0 = Release static|Win32
		{0F9CE5F0-4D89-4314-9147-8AAB1B8842ED}.Release|Win32.ActiveCfg = Release static|Win32
		{0F9CE5F0-4D89-4314-9147-8AAB1B8842ED}.Release|Win32.Build.0 = Release static|Win32
		{97EE61B8-032F-4257-AED1-4AD4E196FF3F}.Debug static|Win32.ActiveCfg = Debug|Win32
		{97EE61B8-032F-4257-AED1-4AD4E196FF3F}.Debug static|Win32.Build.0 = Debug|Win32
		{97EE61B8-032F-4257-AED1-4AD4E196FF3F}.Debug|Win32.ActiveCfg = Debug|Win32
		{97EE61B8-032F-4257-AED1-4AD4E196FF3F}.Debug|Win32.Build.0 = Debug|Win32
		{97EE61B8-032F-4257-AED1-4AD4E196FF3F}.Release DLL|Win32.ActiveCfg = Release|Win32
		{97EE61B8-032F-4257-AED1-4AD4E196FF3F}.Release DLL|Win32.Build.0 = Release|Win32
		{97EE61B8-032F-4257-AED1-4AD4E196FF3F}.Release static|Win32.ActiveCfg = Release|Win32
		{97EE61B8-032F-4257-AED1-4AD4E196FF3F}.Release static|Win32.Build.0 = Release|Win32
		{97EE61B8-032F-4257-AED1-4AD4E196FF3F}.Release|Win32.ActiveCfg = Release|Win32
		{97EE61B8-032F-4257-AED1-4AD4E196FF3F}.Release|Win32.Build.0 = Release|Win32
		{1141F40B-9CB6-4E64-8D65-8ADE4BEE1707}.Debug static|Win32.ActiveCfg = Debug|Win32
		{1141F40B-9CB6-4E64-8D65-8ADE4BEE1707}.Debug static|Win32.Build.0 = Debug|Win32
		{1141F40B-9CB6-4E64-8D65-8ADE4BEE1707}.Debug|Win32.ActiveCfg = Debug|Win32
		{1141F40B-9CB6-4E64-8D65-8ADE4BEE1707}.Debug|Win32.Build.0 = Debug|Win32
		{1141F40B-9CB6-4E64-8D65-8ADE4BEE1707}.Release DLL|Win32.ActiveCfg = Release|Win32
		{1141F40B-9CB6-4E64-8D65-8ADE4BEE1707}.Release DLL|Win32.Build.0 = Release|Win32
		{1141F40B-9CB6-4E64-8D65-8ADE4BEE1707}.Release static|Win32.ActiveCfg = Release|Win32
		{1141F40B-9CB6-4E64-8D65-8ADE4BEE1707}.Release static|Win32.Build.0 = Release|Win32
		{1141F40B-9CB6-4E64-8D65-8ADE4BEE1707}.Release|Win32.ActiveCfg = Release|Win32
		{1141F40B-9CB6-4E64-8D65-8ADE4BEE1707}.Release|Win32.Build.0 = Release|Win32
		{3372F8A2-889A-4DB3-B788-06DC30261677}.Debug static|Win32.ActiveCfg = Debug|Win32
		{3372F8A2-889A-4DB3-B788-06DC30261677}.Debug static|Win32.Build.0 = Debug|Win32
		{3372F8A2-889A-4DB3-B788-06DC30261677}.Debug|Win32.ActiveCfg = Debug|Win32
		{3372F8A2-889A-4DB3-B788-06DC30261677}.Debug|Win32.Build.0 = Debug|Win32
		{3372F8A2-889A-4DB3-B788-06DC30261677}.Release DLL|Win32.ActiveCfg = Release|Win32
		{3372F8A2-889A-4DB3-B788-06DC30261677}.Release DLL|Win32.Build.0 = Release|Win32
		{3372F8A2-889A-4DB3-B788-06DC30261677}.Release static|Win32.ActiveCfg = Release|Win32
		{3372F8A2-889A-4DB3-B788-06DC30261677}.Release static|Win32.Build.0 = Release|Win32
		{3372F8A2-889A-4DB3-B788-06DC30261677}.Release|Win32.ActiveCfg = Release|Win32
		{3372F8A2-889A-4DB3-B788-06DC30261677}.Release|Win32.Build.0 = Release|Win32
		{9474D692-D015-4459-B135-A58C26608CEE}.Debug static|Win32.ActiveCfg = Debug|Win32
		{9474D692-D015-4459-B135-A58C26608CEE}.Debug static|Win32.Build.0 = Debug|Win32
		{9474D692-D015-4459-B135-A58C26608CEE}.Debug|Win32.ActiveCfg = Debug|Win32
		{9474D692-D015-4459-B135-A58C26608CEE}.Debug|Win32.Build.0 = Debug|Win32
		{9474D692-D015-4459-B135-A58C26608CEE}.Release DLL|Win32.ActiveCfg = Release|Win32
		{9474D692-D015-4459-B135-A58C26608CEE}.Release DLL|Win32.Build.0 = Release|Win32
		{9474D692-D015-4459-B135-A58C26608CEE}.Release static|Win32.ActiveCfg = Release|Win32
		{9474D692-D015-4459-B135-A58C26608CEE}.Release static|Win32.Build.0 = Release|Win32
		{9474D692-D015-4459-B135-A58C26608CEE}.Release|Win32.ActiveCfg = Release|Win32
		{9474D692-D015-4459-B135-A58C26608CEE}.Release|Win32.Build.0 = Release|Win32
		{8008D2F9-6F0F-4B8C-B94C-D6A7E85023CB}.Debug static|Win32.ActiveCfg = Debug|Win32
		{8008D2F9-6F0F-4B8C-B94C-D6A7E85023CB}.Debug static|Win32.Build.0 = Debug|Win32
		{8008D2F9-6F0F-4B8C-B94C-D6A7E85023CB}.Debug|Win32.ActiveCfg = Debug|Win32
		{8008D2F9-6F0F-4B8C-B94C-D6A7E85023CB}.Release DLL|Win32.ActiveCfg = Release|Win32
		{8008D2F9-6F0F-4B8C-B94C-D6A7E85023CB}.Release DLL|Win32.Build.0 = Release|Win32
		{8008D2F9-6F0F-4B8C-B94C-D6A7E85023CB}.Release static|Win32.ActiveCfg = Release|Win32
		{8008D2F9-6F0F-4B8C-B94C-D6A7E85023CB}.Release static|Win32.Build.0 = Release|Win32
		{8008D2F9-6F0F-4B8C-B94C-D6A7E85023CB}.Release|Win32.ActiveCfg = Release|Win32
		{8008D2F9-6F0F-4B8C-B94C-D6A7E85023CB}.Release|Win32.Build.0 = Release|Win32
		{AEDA36F5-40C2-41CD-A0A8-DBB482369163}.Debug static|Win32.ActiveCfg = Debug|Win32
		{AEDA36F5-40C2-41CD-A0A8-DBB482369163}.Debug static|Win32.Build.0 = Debug|Win32
		{AEDA36F5-40C2-41CD-A0A8-DBB482369163}.Debug|Win32.ActiveCfg = Debug|Win32
		{AEDA36F5-40C2-41CD-A0A8-DBB482369163}.Release DLL|Win32.ActiveCfg = Release|Win32
		{AEDA36F5-40C2-41CD-A0A8-DBB482369163}.Release DLL|Win32.Build.0 = Release|Win32
		{AEDA36F5-40C2-41CD-A0A8-DBB482369163}.Release static|Win32.ActiveCfg = Release|Win32
		{AEDA36F5-40C2-41CD-A0A8-DBB482369163}.Release static|Win32.Build.0 = Release|Win32
		{AEDA36F5-40C2-41CD-A0A8-DBB482369163}.Release|Win32.ActiveCfg = Release|Win32
		{AEDA36F5-40C2-41CD-A0A8-DBB482369163}.Release|Win32.Build.0 = Release|Win32
		{C2604858-D5A9-486C-818D-F711FEC7634A}.Debug static|Win32.ActiveCfg = Debug|Win32
		{C2604858-D5A9-486C-818D-F711FEC7634A}.Debug static|Win32.Build.0 = Debug|Win32
		{C2604858-D5A9-486C-818D-F711FEC7634A}.Debug|Win32.ActiveCfg = Debug|Win32
		{C2604858-D5A9-486C-818D-F711FEC7634A}.Debug|Win32.Build.0 = Debug|Win32
		{C2604858-D5A9-486C-818D-F711FEC7634A}.Release DLL|Win32.ActiveCfg = Release|Win32
		{C2604858-D5A9-486C-818D-F711FEC7634A}.Release DLL|Win32.Build.0 = Release|Win32
		{C2604858-D5A9-486C-818D-F711FEC7634A}.Release static|Win32.ActiveCfg = Release|Win32
		{C2604858-D5A9-486C-818D-F711FEC7634A}.Release static|Win32.Build.0 = Release|Win32
		{C2604858-D5A9-486C-818D-F711FEC7634A}.Release|Win32.ActiveCfg = Release|Win32
		{C2604858-D5A9-486C-818D-F711FEC7634A}.Release|Win32.Build.0 = Release|Win32
		{95E42732-78FC-4B42-8787-5A4A4557E999}.Debug static|Win32.ActiveCfg = Debug|Win32
		{95E42732-78FC-4B42-8787-5A4A4557E999}.Debug static|Win32.Build.0 = Debug|Win32
		{95E42732-78FC-4B42-8787-5A4A4557E999}.Debug|Win32.ActiveCfg = Debug|Win32
		{95E42732-78FC-4B42-8787-5A4A4557E999}.Debug|Win32.Build.0 = Debug|Win32
		{95E42732-78FC-4B42-8787-5A4A4557E999}.Release DLL|Win32.ActiveCfg = Release|Win32
		{95E42732-78FC-4B42-8787-5A4A4557E999}.Release DLL|Win32.Build.0 = Release|Win32
		{95E42732-78FC-4B42-8787-5A4A4557E999}.Release static|Win32.ActiveCfg = Release|Win32
		{95E42732-78FC-4B42-8787-5A4A4557E999}.Release static|Win32.Build.0 = Release|Win32
		{95E42732-78FC-4B42-8787-5A4A4557E999}.Release|Win32.ActiveCfg = Release|Win32
		{95E42732-78FC-4B42-8787-5A4A4557E999}.Release|Win32.Build.0 = Release|Win32
		{1C968E66-075B-4778-9562-E30FB85A8E53}.Debug static|Win32.ActiveCfg = Debug|Win32
		{1C968E66-075B-4778-9562-E30FB85A8E53}.Debug static|Win32.Build.0 = Debug|Win32
		{1C968E66-075B-4778-9562-E30FB85A8E53}.Debug|Win32.ActiveCfg = Debug|Win32
		{1C968E66-075B-4778-9562-E30FB85A8E53}.Debug|Win32.Build.0 = Debug|Win32
		{1C968E66-075B-4778-9562-E30FB85A8E53}.Release DLL|Win32.ActiveCfg = Release|Win32
		{1C968E66-075B-4778-9562-E30FB85A8E53}.Release DLL|Win32.Build.0 = Release|Win32
		{1C968E66-075B-4778-9562-E30FB85A8E53}.Release static|Win32.ActiveCfg = Release|Win32
		{1C968E66-075B-4778-9562-E30FB85A8E53}.Release static|Win32.Build.0 = Release|Win32
		{1C968E66-075B-4778-9562-E30FB85A8E53}.Release|Win32.ActiveCfg = Release|Win32
		{1C968E66-075B-4778-9562-E30FB85A8E53}.Release|Win32.Build.0 = Release|Win32
		{32FCBEBF-543B-4934-A174-6ADF3E455A5B}.Debug static|Win32.ActiveCfg = Debug|Win32
		{32FCBEBF-543B-4934-A174-6ADF3E455A5B}.Debug static|Win32.Build.0 = Debug|Win32
		{32FCBEBF-543B-4934-A174-6ADF3E455A5B}.Debug|Win32.ActiveCfg = Debug|Win32
		{32FCBEBF-543B-4934-A174-6ADF3E455A5B}.Debug|Win32.Build.0 = Debug|Win32
		{32FCBEBF-543B-4934-A174-6ADF3E455A5B}.Release DLL|Win32.ActiveCfg = Release|Win32
		{32FCBEBF-543B-4934-A174-6ADF3E455A5B}.Release DLL|Win32.Build.0 = Release|Win32
		{32FCBEBF-543B-4934-A174-6ADF3E455A5B}.Release static|Win32.ActiveCfg = Release|Win32
		{32FCBEBF-543B-4934-A174-6ADF3E455A5B}.Release static|Win32.Build.0 = Release|Win32
		{32FCBEBF-543B-4934-A174-6ADF3E455A5B}.Release|Win32.ActiveCfg = Release|Win32
		{32FCBEBF-543B-4934-A174-6ADF3E455A5B}.Release|Win32.Build.0 = Release|Win32
	EndGlobalSection
	GlobalSection(SolutionProperties) = preSolution
		HideSolutionNode = FALSE
	EndGlobalSection
	GlobalSection(NestedProjects) = preSolution
		{89F9FFC2-FE4D-4478-850F-0A0B1C593EA6} = {778AC196-A669-40A8-83B5-C15FDEBC005B}
		{8008D2F9-6F0F-4B8C-B94C-D6A7E85023CB} = {778AC196-A669-40A8-83B5-C15FDEBC005B}
		{B1BDA469-E6A7-4AF7-BDF9-EDDD7AD979A2} = {89F9FFC2-FE4D-4478-850F-0A0B1C593EA6}
		{FA4620B1-393A-4719-9BB4-3BC8CAA70C4B} = {89F9FFC2-FE4D-4478-850F-0A0B1C593EA6}
		{2BD26A09-E1B6-42E2-A0D0-63987B76BB97} = {89F9FFC2-FE4D-4478-850F-0A0B1C593EA6}
		{823DDC98-42D5-4A38-88CF-9DC06C788AE4} = {89F9FFC2-FE4D-4478-850F-0A0B1C593EA6}
		{C061A27D-7CA0-4179-9869-672FA04A86A8} = {89F9FFC2-FE4D-4478-850F-0A0B1C593EA6}
		{0F9CE5F0-4D89-4314-9147-8AAB1B8842ED} = {89F9FFC2-FE4D-4478-850F-0A0B1C593EA6}
		{3372F8A2-889A-4DB3-B788-06DC30261677} = {41AE60C5-D176-4BBC-8AF3-C65B3EAB2638}
		{C2604858-D5A9-486C-818D-F711FEC7634A} = {41AE60C5-D176-4BBC-8AF3-C65B3EAB2638}
		{95E42732-78FC-4B42-8787-5A4A4557E999} = {41AE60C5-D176-4BBC-8AF3-C65B3EAB2638}
	EndGlobalSection
EndGlobal
